
Microsoft Visual Studio Solution File, Format Version 12.00
# Visual Studio Version 16
VisualStudioVersion = 16.0.31105.61
MinimumVisualStudioVersion = 10.0.40219.1
Project("{9A19103F-16F7-4668-BE54-9A1E7A4F7556}") = "YoutubeCSharp", "YoutubeCSharp\YoutubeCSharp.csproj", "{1E6FE1F7-6F17-490F-95A0-E08F49222DEF}"
EndProject
Project("{FAE04EC0-301F-11D3-BF4B-00C04F79EFBC}") = "RecapDemo1", "RecapDemo1\RecapDemo1.csproj", "{FE4472E2-F867-4AE5-8B9F-B887EAEE9285}"
EndProject
Project("{9A19103F-16F7-4668-BE54-9A1E7A4F7556}") = "Interfaces", "Interfaces\Interfaces.csproj", "{FE39A5B1-8D4D-4890-A435-5BC57DA6B129}"
EndProject
Project("{FAE04EC0-301F-11D3-BF4B-00C04F79EFBC}") = "InterfacesDemo", "InterfacesDemo\InterfacesDemo.csproj", "{DC6AD341-AAAA-4F66-A330-501D792B0830}"
EndProject
Project("{FAE04EC0-301F-11D3-BF4B-00C04F79EFBC}") = "Inheritance", "Inheritance\Inheritance.csproj", "{DB618D6E-E663-4A1C-B1B5-CF62E57FF900}"
EndProject
Global
	GlobalSection(SolutionConfigurationPlatforms) = preSolution
		Debug|Any CPU = Debug|Any CPU
		Release|Any CPU = Release|Any CPU
	EndGlobalSection
	GlobalSection(ProjectConfigurationPlatforms) = postSolution
		{1E6FE1F7-6F17-490F-95A0-E08F49222DEF}.Debug|Any CPU.ActiveCfg = Debug|Any CPU
		{1E6FE1F7-6F17-490F-95A0-E08F49222DEF}.Debug|Any CPU.Build.0 = Debug|Any CPU
		{1E6FE1F7-6F17-490F-95A0-E08F49222DEF}.Release|Any CPU.ActiveCfg = Release|Any CPU
		{1E6FE1F7-6F17-490F-95A0-E08F49222DEF}.Release|Any CPU.Build.0 = Release|Any CPU
		{FE4472E2-F867-4AE5-8B9F-B887EAEE9285}.Debug|Any CPU.ActiveCfg = Debug|Any CPU
		{FE4472E2-F867-4AE5-8B9F-B887EAEE9285}.Debug|Any CPU.Build.0 = Debug|Any CPU
		{FE4472E2-F867-4AE5-8B9F-B887EAEE9285}.Release|Any CPU.ActiveCfg = Release|Any CPU
		{FE4472E2-F867-4AE5-8B9F-B887EAEE9285}.Release|Any CPU.Build.0 = Release|Any CPU
		{FE39A5B1-8D4D-4890-A435-5BC57DA6B129}.Debug|Any CPU.ActiveCfg = Debug|Any CPU
		{FE39A5B1-8D4D-4890-A435-5BC57DA6B129}.Debug|Any CPU.Build.0 = Debug|Any CPU
		{FE39A5B1-8D4D-4890-A435-5BC57DA6B129}.Release|Any CPU.ActiveCfg = Release|Any CPU
		{FE39A5B1-8D4D-4890-A435-5BC57DA6B129}.Release|Any CPU.Build.0 = Release|Any CPU
		{DC6AD341-AAAA-4F66-A330-501D792B0830}.Debug|Any CPU.ActiveCfg = Debug|Any CPU
		{DC6AD341-AAAA-4F66-A330-501D792B0830}.Debug|Any CPU.Build.0 = Debug|Any CPU
		{DC6AD341-AAAA-4F66-A330-501D792B0830}.Release|Any CPU.ActiveCfg = Release|Any CPU
		{DC6AD341-AAAA-4F66-A330-501D792B0830}.Release|Any CPU.Build.0 = Release|Any CPU
		{DB618D6E-E663-4A1C-B1B5-CF62E57FF900}.Debug|Any CPU.ActiveCfg = Debug|Any CPU
		{DB618D6E-E663-4A1C-B1B5-CF62E57FF900}.Debug|Any CPU.Build.0 = Debug|Any CPU
		{DB618D6E-E663-4A1C-B1B5-CF62E57FF900}.Release|Any CPU.ActiveCfg = Release|Any CPU
		{DB618D6E-E663-4A1C-B1B5-CF62E57FF900}.Release|Any CPU.Build.0 = Release|Any CPU
	EndGlobalSection
	GlobalSection(SolutionProperties) = preSolution
		HideSolutionNode = FALSE
	EndGlobalSection
	GlobalSection(ExtensibilityGlobals) = postSolution
		SolutionGuid = {EB0473FF-F1FE-47D1-ABE8-79447B4E9A56}
	EndGlobalSection
EndGlobal
